// !$*UTF8*$!
{
	archiveVersion = 1;
	classes = {
	};
	objectVersion = 50;
	objects = {

/* Begin PBXBuildFile section */
		4302335622A2139B00F61C2B /* DesignView.swift in Sources */ = {isa = PBXBuildFile; fileRef = 4302335522A2139B00F61C2B /* DesignView.swift */; };
		4302335822A21AC900F61C2B /* ActividadesCell.swift in Sources */ = {isa = PBXBuildFile; fileRef = 4302335722A21AC900F61C2B /* ActividadesCell.swift */; };
		4302335C22A2269D00F61C2B /* Constants.swift in Sources */ = {isa = PBXBuildFile; fileRef = 4302335B22A2269D00F61C2B /* Constants.swift */; };
		4302335E22A228DE00F61C2B /* ConfiguracionController.swift in Sources */ = {isa = PBXBuildFile; fileRef = 4302335D22A228DE00F61C2B /* ConfiguracionController.swift */; };
		4302336022A22E0600F61C2B /* Funciones.swift in Sources */ = {isa = PBXBuildFile; fileRef = 4302335F22A22E0600F61C2B /* Funciones.swift */; };
		433EFDE822BB14D300F2AD76 /* CoreDataManager.swift in Sources */ = {isa = PBXBuildFile; fileRef = 433EFDE722BB14D300F2AD76 /* CoreDataManager.swift */; };
		4343141322B5C633001EA4F1 /* AppDelegate.swift in Sources */ = {isa = PBXBuildFile; fileRef = 4343141222B5C633001EA4F1 /* AppDelegate.swift */; };
		4343141522B5C633001EA4F1 /* ViewController.swift in Sources */ = {isa = PBXBuildFile; fileRef = 4343141422B5C633001EA4F1 /* ViewController.swift */; };
		4343141822B5C633001EA4F1 /* Main.storyboard in Resources */ = {isa = PBXBuildFile; fileRef = 4343141622B5C633001EA4F1 /* Main.storyboard */; };
		4343141B22B5C633001EA4F1 /* Desarrollo.xcdatamodeld in Sources */ = {isa = PBXBuildFile; fileRef = 4343141922B5C633001EA4F1 /* Desarrollo.xcdatamodeld */; };
		4343141D22B5C637001EA4F1 /* Assets.xcassets in Resources */ = {isa = PBXBuildFile; fileRef = 4343141C22B5C637001EA4F1 /* Assets.xcassets */; };
		4343142022B5C637001EA4F1 /* LaunchScreen.storyboard in Resources */ = {isa = PBXBuildFile; fileRef = 4343141E22B5C637001EA4F1 /* LaunchScreen.storyboard */; };
		434C190922B3313B00864C21 /* TiempoNotificacion.swift in Sources */ = {isa = PBXBuildFile; fileRef = 434C190822B3313B00864C21 /* TiempoNotificacion.swift */; };
		4362CA5F228F6E8E00A70EA1 /* AppDelegate.swift in Sources */ = {isa = PBXBuildFile; fileRef = 4362CA5E228F6E8E00A70EA1 /* AppDelegate.swift */; };
		4362CA61228F6E8E00A70EA1 /* Login.swift in Sources */ = {isa = PBXBuildFile; fileRef = 4362CA60228F6E8E00A70EA1 /* Login.swift */; };
		4362CA64228F6E8E00A70EA1 /* Main.storyboard in Resources */ = {isa = PBXBuildFile; fileRef = 4362CA62228F6E8E00A70EA1 /* Main.storyboard */; };
		4362CA66228F6E8F00A70EA1 /* Assets.xcassets in Resources */ = {isa = PBXBuildFile; fileRef = 4362CA65228F6E8F00A70EA1 /* Assets.xcassets */; };
		4362CA69228F6E8F00A70EA1 /* LaunchScreen.storyboard in Resources */ = {isa = PBXBuildFile; fileRef = 4362CA67228F6E8F00A70EA1 /* LaunchScreen.storyboard */; };
		4362CA74228F6E9000A70EA1 /* Nexus_ReminderTests.swift in Sources */ = {isa = PBXBuildFile; fileRef = 4362CA73228F6E9000A70EA1 /* Nexus_ReminderTests.swift */; };
		4362CA7F228F6E9000A70EA1 /* Nexus_ReminderUITests.swift in Sources */ = {isa = PBXBuildFile; fileRef = 4362CA7E228F6E9000A70EA1 /* Nexus_ReminderUITests.swift */; };
		4395A4C922A2F3AF00F65239 /* ActividadesModel.xcdatamodeld in Sources */ = {isa = PBXBuildFile; fileRef = 4395A4C722A2F3AF00F65239 /* ActividadesModel.xcdatamodeld */; };
		43B7DBD422BF11E100D186F3 /* ConfiguracionTiempoNotificaciones.swift in Sources */ = {isa = PBXBuildFile; fileRef = 43B7DBD322BF11E100D186F3 /* ConfiguracionTiempoNotificaciones.swift */; };
		43BB451F22A0E82500EF0E12 /* ActividadesController.swift in Sources */ = {isa = PBXBuildFile; fileRef = 43BB451E22A0E82500EF0E12 /* ActividadesController.swift */; };
/* End PBXBuildFile section */

/* Begin PBXContainerItemProxy section */
		4362CA70228F6E9000A70EA1 /* PBXContainerItemProxy */ = {
			isa = PBXContainerItemProxy;
			containerPortal = 4362CA53228F6E8E00A70EA1 /* Project object */;
			proxyType = 1;
			remoteGlobalIDString = 4362CA5A228F6E8E00A70EA1;
			remoteInfo = "Nexus Reminder";
		};
		4362CA7B228F6E9000A70EA1 /* PBXContainerItemProxy */ = {
			isa = PBXContainerItemProxy;
			containerPortal = 4362CA53228F6E8E00A70EA1 /* Project object */;
			proxyType = 1;
			remoteGlobalIDString = 4362CA5A228F6E8E00A70EA1;
			remoteInfo = "Nexus Reminder";
		};
/* End PBXContainerItemProxy section */

/* Begin PBXFileReference section */
		4302335522A2139B00F61C2B /* DesignView.swift */ = {isa = PBXFileReference; lastKnownFileType = sourcecode.swift; path = DesignView.swift; sourceTree = "<group>"; };
		4302335722A21AC900F61C2B /* ActividadesCell.swift */ = {isa = PBXFileReference; lastKnownFileType = sourcecode.swift; path = ActividadesCell.swift; sourceTree = "<group>"; };
		4302335B22A2269D00F61C2B /* Constants.swift */ = {isa = PBXFileReference; lastKnownFileType = sourcecode.swift; path = Constants.swift; sourceTree = "<group>"; };
		4302335D22A228DE00F61C2B /* ConfiguracionController.swift */ = {isa = PBXFileReference; lastKnownFileType = sourcecode.swift; path = ConfiguracionController.swift; sourceTree = "<group>"; };
		4302335F22A22E0600F61C2B /* Funciones.swift */ = {isa = PBXFileReference; lastKnownFileType = sourcecode.swift; path = Funciones.swift; sourceTree = "<group>"; };
		433EFDE722BB14D300F2AD76 /* CoreDataManager.swift */ = {isa = PBXFileReference; lastKnownFileType = sourcecode.swift; path = CoreDataManager.swift; sourceTree = "<group>"; };
		4343141022B5C632001EA4F1 /* Desarrollo.app */ = {isa = PBXFileReference; explicitFileType = wrapper.application; includeInIndex = 0; path = Desarrollo.app; sourceTree = BUILT_PRODUCTS_DIR; };
		4343141222B5C633001EA4F1 /* AppDelegate.swift */ = {isa = PBXFileReference; lastKnownFileType = sourcecode.swift; path = AppDelegate.swift; sourceTree = "<group>"; };
		4343141422B5C633001EA4F1 /* ViewController.swift */ = {isa = PBXFileReference; lastKnownFileType = sourcecode.swift; path = ViewController.swift; sourceTree = "<group>"; };
		4343141722B5C633001EA4F1 /* Base */ = {isa = PBXFileReference; lastKnownFileType = file.storyboard; name = Base; path = Base.lproj/Main.storyboard; sourceTree = "<group>"; };
		4343141A22B5C633001EA4F1 /* Desarrollo.xcdatamodel */ = {isa = PBXFileReference; lastKnownFileType = wrapper.xcdatamodel; path = Desarrollo.xcdatamodel; sourceTree = "<group>"; };
		4343141C22B5C637001EA4F1 /* Assets.xcassets */ = {isa = PBXFileReference; lastKnownFileType = folder.assetcatalog; path = Assets.xcassets; sourceTree = "<group>"; };
		4343141F22B5C637001EA4F1 /* Base */ = {isa = PBXFileReference; lastKnownFileType = file.storyboard; name = Base; path = Base.lproj/LaunchScreen.storyboard; sourceTree = "<group>"; };
		4343142122B5C637001EA4F1 /* Info.plist */ = {isa = PBXFileReference; lastKnownFileType = text.plist.xml; path = Info.plist; sourceTree = "<group>"; };
		434C190822B3313B00864C21 /* TiempoNotificacion.swift */ = {isa = PBXFileReference; lastKnownFileType = sourcecode.swift; path = TiempoNotificacion.swift; sourceTree = "<group>"; };
		4362CA5B228F6E8E00A70EA1 /* Nexus Reminder.app */ = {isa = PBXFileReference; explicitFileType = wrapper.application; includeInIndex = 0; path = "Nexus Reminder.app"; sourceTree = BUILT_PRODUCTS_DIR; };
		4362CA5E228F6E8E00A70EA1 /* AppDelegate.swift */ = {isa = PBXFileReference; lastKnownFileType = sourcecode.swift; path = AppDelegate.swift; sourceTree = "<group>"; };
		4362CA60228F6E8E00A70EA1 /* Login.swift */ = {isa = PBXFileReference; lastKnownFileType = sourcecode.swift; path = Login.swift; sourceTree = "<group>"; };
		4362CA63228F6E8E00A70EA1 /* Base */ = {isa = PBXFileReference; lastKnownFileType = file.storyboard; name = Base; path = Base.lproj/Main.storyboard; sourceTree = "<group>"; };
		4362CA65228F6E8F00A70EA1 /* Assets.xcassets */ = {isa = PBXFileReference; lastKnownFileType = folder.assetcatalog; path = Assets.xcassets; sourceTree = "<group>"; };
		4362CA68228F6E8F00A70EA1 /* Base */ = {isa = PBXFileReference; lastKnownFileType = file.storyboard; name = Base; path = Base.lproj/LaunchScreen.storyboard; sourceTree = "<group>"; };
		4362CA6A228F6E8F00A70EA1 /* Info.plist */ = {isa = PBXFileReference; lastKnownFileType = text.plist.xml; path = Info.plist; sourceTree = "<group>"; };
		4362CA6F228F6E9000A70EA1 /* Nexus ReminderTests.xctest */ = {isa = PBXFileReference; explicitFileType = wrapper.cfbundle; includeInIndex = 0; path = "Nexus ReminderTests.xctest"; sourceTree = BUILT_PRODUCTS_DIR; };
		4362CA73228F6E9000A70EA1 /* Nexus_ReminderTests.swift */ = {isa = PBXFileReference; lastKnownFileType = sourcecode.swift; path = Nexus_ReminderTests.swift; sourceTree = "<group>"; };
		4362CA75228F6E9000A70EA1 /* Info.plist */ = {isa = PBXFileReference; lastKnownFileType = text.plist.xml; path = Info.plist; sourceTree = "<group>"; };
		4362CA7A228F6E9000A70EA1 /* Nexus ReminderUITests.xctest */ = {isa = PBXFileReference; explicitFileType = wrapper.cfbundle; includeInIndex = 0; path = "Nexus ReminderUITests.xctest"; sourceTree = BUILT_PRODUCTS_DIR; };
		4362CA7E228F6E9000A70EA1 /* Nexus_ReminderUITests.swift */ = {isa = PBXFileReference; lastKnownFileType = sourcecode.swift; path = Nexus_ReminderUITests.swift; sourceTree = "<group>"; };
		4362CA80228F6E9000A70EA1 /* Info.plist */ = {isa = PBXFileReference; lastKnownFileType = text.plist.xml; path = Info.plist; sourceTree = "<group>"; };
		4395A4C822A2F3AF00F65239 /* ActividadesModel.xcdatamodel */ = {isa = PBXFileReference; lastKnownFileType = wrapper.xcdatamodel; path = ActividadesModel.xcdatamodel; sourceTree = "<group>"; };
		43B7DBD322BF11E100D186F3 /* ConfiguracionTiempoNotificaciones.swift */ = {isa = PBXFileReference; lastKnownFileType = sourcecode.swift; path = ConfiguracionTiempoNotificaciones.swift; sourceTree = "<group>"; };
		43BB451E22A0E82500EF0E12 /* ActividadesController.swift */ = {isa = PBXFileReference; lastKnownFileType = sourcecode.swift; path = ActividadesController.swift; sourceTree = "<group>"; };
/* End PBXFileReference section */

/* Begin PBXFrameworksBuildPhase section */
		4343140D22B5C632001EA4F1 /* Frameworks */ = {
			isa = PBXFrameworksBuildPhase;
			buildActionMask = 2147483647;
			files = (
			);
			runOnlyForDeploymentPostprocessing = 0;
		};
		4362CA58228F6E8E00A70EA1 /* Frameworks */ = {
			isa = PBXFrameworksBuildPhase;
			buildActionMask = 2147483647;
			files = (
			);
			runOnlyForDeploymentPostprocessing = 0;
		};
		4362CA6C228F6E9000A70EA1 /* Frameworks */ = {
			isa = PBXFrameworksBuildPhase;
			buildActionMask = 2147483647;
			files = (
			);
			runOnlyForDeploymentPostprocessing = 0;
		};
		4362CA77228F6E9000A70EA1 /* Frameworks */ = {
			isa = PBXFrameworksBuildPhase;
			buildActionMask = 2147483647;
			files = (
			);
			runOnlyForDeploymentPostprocessing = 0;
		};
/* End PBXFrameworksBuildPhase section */

/* Begin PBXGroup section */
		4343141122B5C633001EA4F1 /* Desarrollo */ = {
			isa = PBXGroup;
			children = (
				4343141222B5C633001EA4F1 /* AppDelegate.swift */,
				4343141422B5C633001EA4F1 /* ViewController.swift */,
				4343141622B5C633001EA4F1 /* Main.storyboard */,
				4343141C22B5C637001EA4F1 /* Assets.xcassets */,
				4343141E22B5C637001EA4F1 /* LaunchScreen.storyboard */,
				4343142122B5C637001EA4F1 /* Info.plist */,
				4343141922B5C633001EA4F1 /* Desarrollo.xcdatamodeld */,
			);
			path = Desarrollo;
			sourceTree = "<group>";
		};
		4362CA52228F6E8E00A70EA1 = {
			isa = PBXGroup;
			children = (
				4362CA5D228F6E8E00A70EA1 /* Nexus Reminder */,
				4362CA72228F6E9000A70EA1 /* Nexus ReminderTests */,
				4362CA7D228F6E9000A70EA1 /* Nexus ReminderUITests */,
				4343141122B5C633001EA4F1 /* Desarrollo */,
				4362CA5C228F6E8E00A70EA1 /* Products */,
			);
			sourceTree = "<group>";
		};
		4362CA5C228F6E8E00A70EA1 /* Products */ = {
			isa = PBXGroup;
			children = (
				4362CA5B228F6E8E00A70EA1 /* Nexus Reminder.app */,
				4362CA6F228F6E9000A70EA1 /* Nexus ReminderTests.xctest */,
				4362CA7A228F6E9000A70EA1 /* Nexus ReminderUITests.xctest */,
				4343141022B5C632001EA4F1 /* Desarrollo.app */,
			);
			name = Products;
			sourceTree = "<group>";
		};
		4362CA5D228F6E8E00A70EA1 /* Nexus Reminder */ = {
			isa = PBXGroup;
			children = (
				4362CA5E228F6E8E00A70EA1 /* AppDelegate.swift */,
				4395A4CD22A2F44100F65239 /* Views */,
				4395A4CC22A2F40900F65239 /* Controllers */,
				4395A4CA22A2F3C200F65239 /* Data Model */,
				4395A4CB22A2F3F900F65239 /* Tools */,
				4362CA65228F6E8F00A70EA1 /* Assets.xcassets */,
				4362CA6A228F6E8F00A70EA1 /* Info.plist */,
			);
			path = "Nexus Reminder";
			sourceTree = "<group>";
		};
		4362CA72228F6E9000A70EA1 /* Nexus ReminderTests */ = {
			isa = PBXGroup;
			children = (
				4362CA73228F6E9000A70EA1 /* Nexus_ReminderTests.swift */,
				4362CA75228F6E9000A70EA1 /* Info.plist */,
			);
			path = "Nexus ReminderTests";
			sourceTree = "<group>";
		};
		4362CA7D228F6E9000A70EA1 /* Nexus ReminderUITests */ = {
			isa = PBXGroup;
			children = (
				4362CA7E228F6E9000A70EA1 /* Nexus_ReminderUITests.swift */,
				4362CA80228F6E9000A70EA1 /* Info.plist */,
			);
			path = "Nexus ReminderUITests";
			sourceTree = "<group>";
		};
		4395A4CA22A2F3C200F65239 /* Data Model */ = {
			isa = PBXGroup;
			children = (
				4395A4C722A2F3AF00F65239 /* ActividadesModel.xcdatamodeld */,
				4302335B22A2269D00F61C2B /* Constants.swift */,
				4302335722A21AC900F61C2B /* ActividadesCell.swift */,
				433EFDE722BB14D300F2AD76 /* CoreDataManager.swift */,
			);
			path = "Data Model";
			sourceTree = "<group>";
		};
		4395A4CB22A2F3F900F65239 /* Tools */ = {
			isa = PBXGroup;
			children = (
				4302335522A2139B00F61C2B /* DesignView.swift */,
				4302335F22A22E0600F61C2B /* Funciones.swift */,
			);
			path = Tools;
			sourceTree = "<group>";
		};
		4395A4CC22A2F40900F65239 /* Controllers */ = {
			isa = PBXGroup;
			children = (
				4362CA60228F6E8E00A70EA1 /* Login.swift */,
				43BB451E22A0E82500EF0E12 /* ActividadesController.swift */,
				4302335D22A228DE00F61C2B /* ConfiguracionController.swift */,
				434C190822B3313B00864C21 /* TiempoNotificacion.swift */,
				43B7DBD322BF11E100D186F3 /* ConfiguracionTiempoNotificaciones.swift */,
			);
			path = Controllers;
			sourceTree = "<group>";
		};
		4395A4CD22A2F44100F65239 /* Views */ = {
			isa = PBXGroup;
			children = (
				4362CA62228F6E8E00A70EA1 /* Main.storyboard */,
				4362CA67228F6E8F00A70EA1 /* LaunchScreen.storyboard */,
			);
			path = Views;
			sourceTree = "<group>";
		};
/* End PBXGroup section */

/* Begin PBXNativeTarget section */
		4343140F22B5C632001EA4F1 /* Desarrollo */ = {
			isa = PBXNativeTarget;
			buildConfigurationList = 4343142422B5C637001EA4F1 /* Build configuration list for PBXNativeTarget "Desarrollo" */;
			buildPhases = (
				4343140C22B5C632001EA4F1 /* Sources */,
				4343140D22B5C632001EA4F1 /* Frameworks */,
				4343140E22B5C632001EA4F1 /* Resources */,
			);
			buildRules = (
			);
			dependencies = (
			);
			name = Desarrollo;
			productName = Desarrollo;
			productReference = 4343141022B5C632001EA4F1 /* Desarrollo.app */;
			productType = "com.apple.product-type.application";
		};
		4362CA5A228F6E8E00A70EA1 /* Nexus Reminder */ = {
			isa = PBXNativeTarget;
			buildConfigurationList = 4362CA83228F6E9000A70EA1 /* Build configuration list for PBXNativeTarget "Nexus Reminder" */;
			buildPhases = (
				4362CA57228F6E8E00A70EA1 /* Sources */,
				4362CA58228F6E8E00A70EA1 /* Frameworks */,
				4362CA59228F6E8E00A70EA1 /* Resources */,
			);
			buildRules = (
			);
			dependencies = (
			);
			name = "Nexus Reminder";
			productName = "Nexus Reminder";
			productReference = 4362CA5B228F6E8E00A70EA1 /* Nexus Reminder.app */;
			productType = "com.apple.product-type.application";
		};
		4362CA6E228F6E9000A70EA1 /* Nexus ReminderTests */ = {
			isa = PBXNativeTarget;
			buildConfigurationList = 4362CA86228F6E9000A70EA1 /* Build configuration list for PBXNativeTarget "Nexus ReminderTests" */;
			buildPhases = (
				4362CA6B228F6E9000A70EA1 /* Sources */,
				4362CA6C228F6E9000A70EA1 /* Frameworks */,
				4362CA6D228F6E9000A70EA1 /* Resources */,
			);
			buildRules = (
			);
			dependencies = (
				4362CA71228F6E9000A70EA1 /* PBXTargetDependency */,
			);
			name = "Nexus ReminderTests";
			productName = "Nexus ReminderTests";
			productReference = 4362CA6F228F6E9000A70EA1 /* Nexus ReminderTests.xctest */;
			productType = "com.apple.product-type.bundle.unit-test";
		};
		4362CA79228F6E9000A70EA1 /* Nexus ReminderUITests */ = {
			isa = PBXNativeTarget;
			buildConfigurationList = 4362CA89228F6E9000A70EA1 /* Build configuration list for PBXNativeTarget "Nexus ReminderUITests" */;
			buildPhases = (
				4362CA76228F6E9000A70EA1 /* Sources */,
				4362CA77228F6E9000A70EA1 /* Frameworks */,
				4362CA78228F6E9000A70EA1 /* Resources */,
			);
			buildRules = (
			);
			dependencies = (
				4362CA7C228F6E9000A70EA1 /* PBXTargetDependency */,
			);
			name = "Nexus ReminderUITests";
			productName = "Nexus ReminderUITests";
			productReference = 4362CA7A228F6E9000A70EA1 /* Nexus ReminderUITests.xctest */;
			productType = "com.apple.product-type.bundle.ui-testing";
		};
/* End PBXNativeTarget section */

/* Begin PBXProject section */
		4362CA53228F6E8E00A70EA1 /* Project object */ = {
			isa = PBXProject;
			attributes = {
				LastSwiftUpdateCheck = 1020;
				LastUpgradeCheck = 1020;
				ORGANIZATIONNAME = "Aldo Aram Martinez Mireles";
				TargetAttributes = {
					4343140F22B5C632001EA4F1 = {
						CreatedOnToolsVersion = 10.2;
					};
					4362CA5A228F6E8E00A70EA1 = {
						CreatedOnToolsVersion = 10.2;
						SystemCapabilities = {
							com.apple.BackgroundModes = {
								enabled = 1;
							};
						};
					};
					4362CA6E228F6E9000A70EA1 = {
						CreatedOnToolsVersion = 10.2;
						TestTargetID = 4362CA5A228F6E8E00A70EA1;
					};
					4362CA79228F6E9000A70EA1 = {
						CreatedOnToolsVersion = 10.2;
						TestTargetID = 4362CA5A228F6E8E00A70EA1;
					};
				};
			};
			buildConfigurationList = 4362CA56228F6E8E00A70EA1 /* Build configuration list for PBXProject "Nexus Reminder" */;
			compatibilityVersion = "Xcode 9.3";
			developmentRegion = en;
			hasScannedForEncodings = 0;
			knownRegions = (
				en,
				Base,
			);
			mainGroup = 4362CA52228F6E8E00A70EA1;
			productRefGroup = 4362CA5C228F6E8E00A70EA1 /* Products */;
			projectDirPath = "";
			projectRoot = "";
			targets = (
				4362CA5A228F6E8E00A70EA1 /* Nexus Reminder */,
				4362CA6E228F6E9000A70EA1 /* Nexus ReminderTests */,
				4362CA79228F6E9000A70EA1 /* Nexus ReminderUITests */,
				4343140F22B5C632001EA4F1 /* Desarrollo */,
			);
		};
/* End PBXProject section */

/* Begin PBXResourcesBuildPhase section */
		4343140E22B5C632001EA4F1 /* Resources */ = {
			isa = PBXResourcesBuildPhase;
			buildActionMask = 2147483647;
			files = (
				4343142022B5C637001EA4F1 /* LaunchScreen.storyboard in Resources */,
				4343141D22B5C637001EA4F1 /* Assets.xcassets in Resources */,
				4343141822B5C633001EA4F1 /* Main.storyboard in Resources */,
			);
			runOnlyForDeploymentPostprocessing = 0;
		};
		4362CA59228F6E8E00A70EA1 /* Resources */ = {
			isa = PBXResourcesBuildPhase;
			buildActionMask = 2147483647;
			files = (
				4362CA69228F6E8F00A70EA1 /* LaunchScreen.storyboard in Resources */,
				4362CA66228F6E8F00A70EA1 /* Assets.xcassets in Resources */,
				4362CA64228F6E8E00A70EA1 /* Main.storyboard in Resources */,
			);
			runOnlyForDeploymentPostprocessing = 0;
		};
		4362CA6D228F6E9000A70EA1 /* Resources */ = {
			isa = PBXResourcesBuildPhase;
			buildActionMask = 2147483647;
			files = (
			);
			runOnlyForDeploymentPostprocessing = 0;
		};
		4362CA78228F6E9000A70EA1 /* Resources */ = {
			isa = PBXResourcesBuildPhase;
			buildActionMask = 2147483647;
			files = (
			);
			runOnlyForDeploymentPostprocessing = 0;
		};
/* End PBXResourcesBuildPhase section */

/* Begin PBXSourcesBuildPhase section */
		4343140C22B5C632001EA4F1 /* Sources */ = {
			isa = PBXSourcesBuildPhase;
			buildActionMask = 2147483647;
			files = (
				4343141522B5C633001EA4F1 /* ViewController.swift in Sources */,
				4343141322B5C633001EA4F1 /* AppDelegate.swift in Sources */,
				4343141B22B5C633001EA4F1 /* Desarrollo.xcdatamodeld in Sources */,
			);
			runOnlyForDeploymentPostprocessing = 0;
		};
		4362CA57228F6E8E00A70EA1 /* Sources */ = {
			isa = PBXSourcesBuildPhase;
			buildActionMask = 2147483647;
			files = (
				4302335622A2139B00F61C2B /* DesignView.swift in Sources */,
				43BB451F22A0E82500EF0E12 /* ActividadesController.swift in Sources */,
				4362CA61228F6E8E00A70EA1 /* Login.swift in Sources */,
				4302335E22A228DE00F61C2B /* ConfiguracionController.swift in Sources */,
				4395A4C922A2F3AF00F65239 /* ActividadesModel.xcdatamodeld in Sources */,
				4302335C22A2269D00F61C2B /* Constants.swift in Sources */,
				433EFDE822BB14D300F2AD76 /* CoreDataManager.swift in Sources */,
				434C190922B3313B00864C21 /* TiempoNotificacion.swift in Sources */,
				4302335822A21AC900F61C2B /* ActividadesCell.swift in Sources */,
				43B7DBD422BF11E100D186F3 /* ConfiguracionTiempoNotificaciones.swift in Sources */,
				4302336022A22E0600F61C2B /* Funciones.swift in Sources */,
				4362CA5F228F6E8E00A70EA1 /* AppDelegate.swift in Sources */,
			);
			runOnlyForDeploymentPostprocessing = 0;
		};
		4362CA6B228F6E9000A70EA1 /* Sources */ = {
			isa = PBXSourcesBuildPhase;
			buildActionMask = 2147483647;
			files = (
				4362CA74228F6E9000A70EA1 /* Nexus_ReminderTests.swift in Sources */,
			);
			runOnlyForDeploymentPostprocessing = 0;
		};
		4362CA76228F6E9000A70EA1 /* Sources */ = {
			isa = PBXSourcesBuildPhase;
			buildActionMask = 2147483647;
			files = (
				4362CA7F228F6E9000A70EA1 /* Nexus_ReminderUITests.swift in Sources */,
			);
			runOnlyForDeploymentPostprocessing = 0;
		};
/* End PBXSourcesBuildPhase section */

/* Begin PBXTargetDependency section */
		4362CA71228F6E9000A70EA1 /* PBXTargetDependency */ = {
			isa = PBXTargetDependency;
			target = 4362CA5A228F6E8E00A70EA1 /* Nexus Reminder */;
			targetProxy = 4362CA70228F6E9000A70EA1 /* PBXContainerItemProxy */;
		};
		4362CA7C228F6E9000A70EA1 /* PBXTargetDependency */ = {
			isa = PBXTargetDependency;
			target = 4362CA5A228F6E8E00A70EA1 /* Nexus Reminder */;
			targetProxy = 4362CA7B228F6E9000A70EA1 /* PBXContainerItemProxy */;
		};
/* End PBXTargetDependency section */

/* Begin PBXVariantGroup section */
		4343141622B5C633001EA4F1 /* Main.storyboard */ = {
			isa = PBXVariantGroup;
			children = (
				4343141722B5C633001EA4F1 /* Base */,
			);
			name = Main.storyboard;
			sourceTree = "<group>";
		};
		4343141E22B5C637001EA4F1 /* LaunchScreen.storyboard */ = {
			isa = PBXVariantGroup;
			children = (
				4343141F22B5C637001EA4F1 /* Base */,
			);
			name = LaunchScreen.storyboard;
			sourceTree = "<group>";
		};
		4362CA62228F6E8E00A70EA1 /* Main.storyboard */ = {
			isa = PBXVariantGroup;
			children = (
				4362CA63228F6E8E00A70EA1 /* Base */,
			);
			name = Main.storyboard;
			sourceTree = "<group>";
		};
		4362CA67228F6E8F00A70EA1 /* LaunchScreen.storyboard */ = {
			isa = PBXVariantGroup;
			children = (
				4362CA68228F6E8F00A70EA1 /* Base */,
			);
			name = LaunchScreen.storyboard;
			sourceTree = "<group>";
		};
/* End PBXVariantGroup section */

/* Begin XCBuildConfiguration section */
		4343142222B5C637001EA4F1 /* Debug */ = {
			isa = XCBuildConfiguration;
			buildSettings = {
				ASSETCATALOG_COMPILER_APPICON_NAME = AppIcon;
				CODE_SIGN_STYLE = Automatic;
				DEVELOPMENT_TEAM = GAK9975C6W;
				INFOPLIST_FILE = Desarrollo/Info.plist;
				LD_RUNPATH_SEARCH_PATHS = (
					"$(inherited)",
					"@executable_path/Frameworks",
				);
				PRODUCT_BUNDLE_IDENTIFIER = aldo.Desarrollo;
				PRODUCT_NAME = "$(TARGET_NAME)";
				SWIFT_VERSION = 5.0;
				TARGETED_DEVICE_FAMILY = "1,2";
			};
			name = Debug;
		};
		4343142322B5C637001EA4F1 /* Release */ = {
			isa = XCBuildConfiguration;
			buildSettings = {
				ASSETCATALOG_COMPILER_APPICON_NAME = AppIcon;
				CODE_SIGN_STYLE = Automatic;
				DEVELOPMENT_TEAM = GAK9975C6W;
				INFOPLIST_FILE = Desarrollo/Info.plist;
				LD_RUNPATH_SEARCH_PATHS = (
					"$(inherited)",
					"@executable_path/Frameworks",
				);
				PRODUCT_BUNDLE_IDENTIFIER = aldo.Desarrollo;
				PRODUCT_NAME = "$(TARGET_NAME)";
				SWIFT_VERSION = 5.0;
				TARGETED_DEVICE_FAMILY = "1,2";
			};
			name = Release;
		};
		4362CA81228F6E9000A70EA1 /* Debug */ = {
			isa = XCBuildConfiguration;
			buildSettings = {
				ALWAYS_SEARCH_USER_PATHS = NO;
				CLANG_ANALYZER_NONNULL = YES;
				CLANG_ANALYZER_NUMBER_OBJECT_CONVERSION = YES_AGGRESSIVE;
				CLANG_CXX_LANGUAGE_STANDARD = "gnu++14";
				CLANG_CXX_LIBRARY = "libc++";
				CLANG_ENABLE_MODULES = YES;
				CLANG_ENABLE_OBJC_ARC = YES;
				CLANG_ENABLE_OBJC_WEAK = YES;
				CLANG_WARN_BLOCK_CAPTURE_AUTORELEASING = YES;
				CLANG_WARN_BOOL_CONVERSION = YES;
				CLANG_WARN_COMMA = YES;
				CLANG_WARN_CONSTANT_CONVERSION = YES;
				CLANG_WARN_DEPRECATED_OBJC_IMPLEMENTATIONS = YES;
				CLANG_WARN_DIRECT_OBJC_ISA_USAGE = YES_ERROR;
				CLANG_WARN_DOCUMENTATION_COMMENTS = YES;
				CLANG_WARN_EMPTY_BODY = YES;
				CLANG_WARN_ENUM_CONVERSION = YES;
				CLANG_WARN_INFINITE_RECURSION = YES;
				CLANG_WARN_INT_CONVERSION = YES;
				CLANG_WARN_NON_LITERAL_NULL_CONVERSION = YES;
				CLANG_WARN_OBJC_IMPLICIT_RETAIN_SELF = YES;
				CLANG_WARN_OBJC_LITERAL_CONVERSION = YES;
				CLANG_WARN_OBJC_ROOT_CLASS = YES_ERROR;
				CLANG_WARN_RANGE_LOOP_ANALYSIS = YES;
				CLANG_WARN_STRICT_PROTOTYPES = YES;
				CLANG_WARN_SUSPICIOUS_MOVE = YES;
				CLANG_WARN_UNGUARDED_AVAILABILITY = YES_AGGRESSIVE;
				CLANG_WARN_UNREACHABLE_CODE = YES;
				CLANG_WARN__DUPLICATE_METHOD_MATCH = YES;
				CODE_SIGN_IDENTITY = "iPhone Developer";
				COPY_PHASE_STRIP = NO;
				DEBUG_INFORMATION_FORMAT = dwarf;
				ENABLE_STRICT_OBJC_MSGSEND = YES;
				ENABLE_TESTABILITY = YES;
				GCC_C_LANGUAGE_STANDARD = gnu11;
				GCC_DYNAMIC_NO_PIC = NO;
				GCC_NO_COMMON_BLOCKS = YES;
				GCC_OPTIMIZATION_LEVEL = 0;
				GCC_PREPROCESSOR_DEFINITIONS = (
					"DEBUG=1",
					"$(inherited)",
				);
				GCC_WARN_64_TO_32_BIT_CONVERSION = YES;
				GCC_WARN_ABOUT_RETURN_TYPE = YES_ERROR;
				GCC_WARN_UNDECLARED_SELECTOR = YES;
				GCC_WARN_UNINITIALIZED_AUTOS = YES_AGGRESSIVE;
				GCC_WARN_UNUSED_FUNCTION = YES;
				GCC_WARN_UNUSED_VARIABLE = YES;
				IPHONEOS_DEPLOYMENT_TARGET = 12.2;
				MTL_ENABLE_DEBUG_INFO = INCLUDE_SOURCE;
				MTL_FAST_MATH = YES;
				ONLY_ACTIVE_ARCH = YES;
				SDKROOT = iphoneos;
				SWIFT_ACTIVE_COMPILATION_CONDITIONS = DEBUG;
				SWIFT_OPTIMIZATION_LEVEL = "-Onone";
			};
			name = Debug;
		};
		4362CA82228F6E9000A70EA1 /* Release */ = {
			isa = XCBuildConfiguration;
			buildSettings = {
				ALWAYS_SEARCH_USER_PATHS = NO;
				CLANG_ANALYZER_NONNULL = YES;
				CLANG_ANALYZER_NUMBER_OBJECT_CONVERSION = YES_AGGRESSIVE;
				CLANG_CXX_LANGUAGE_STANDARD = "gnu++14";
				CLANG_CXX_LIBRARY = "libc++";
				CLANG_ENABLE_MODULES = YES;
				CLANG_ENABLE_OBJC_ARC = YES;
				CLANG_ENABLE_OBJC_WEAK = YES;
				CLANG_WARN_BLOCK_CAPTURE_AUTORELEASING = YES;
				CLANG_WARN_BOOL_CONVERSION = YES;
				CLANG_WARN_COMMA = YES;
				CLANG_WARN_CONSTANT_CONVERSION = YES;
				CLANG_WARN_DEPRECATED_OBJC_IMPLEMENTATIONS = YES;
				CLANG_WARN_DIRECT_OBJC_ISA_USAGE = YES_ERROR;
				CLANG_WARN_DOCUMENTATION_COMMENTS = YES;
				CLANG_WARN_EMPTY_BODY = YES;
				CLANG_WARN_ENUM_CONVERSION = YES;
				CLANG_WARN_INFINITE_RECURSION = YES;
				CLANG_WARN_INT_CONVERSION = YES;
				CLANG_WARN_NON_LITERAL_NULL_CONVERSION = YES;
				CLANG_WARN_OBJC_IMPLICIT_RETAIN_SELF = YES;
				CLANG_WARN_OBJC_LITERAL_CONVERSION = YES;
				CLANG_WARN_OBJC_ROOT_CLASS = YES_ERROR;
				CLANG_WARN_RANGE_LOOP_ANALYSIS = YES;
				CLANG_WARN_STRICT_PROTOTYPES = YES;
				CLANG_WARN_SUSPICIOUS_MOVE = YES;
				CLANG_WARN_UNGUARDED_AVAILABILITY = YES_AGGRESSIVE;
				CLANG_WARN_UNREACHABLE_CODE = YES;
				CLANG_WARN__DUPLICATE_METHOD_MATCH = YES;
				CODE_SIGN_IDENTITY = "iPhone Developer";
				COPY_PHASE_STRIP = NO;
				DEBUG_INFORMATION_FORMAT = "dwarf-with-dsym";
				ENABLE_NS_ASSERTIONS = NO;
				ENABLE_STRICT_OBJC_MSGSEND = YES;
				GCC_C_LANGUAGE_STANDARD = gnu11;
				GCC_NO_COMMON_BLOCKS = YES;
				GCC_WARN_64_TO_32_BIT_CONVERSION = YES;
				GCC_WARN_ABOUT_RETURN_TYPE = YES_ERROR;
				GCC_WARN_UNDECLARED_SELECTOR = YES;
				GCC_WARN_UNINITIALIZED_AUTOS = YES_AGGRESSIVE;
				GCC_WARN_UNUSED_FUNCTION = YES;
				GCC_WARN_UNUSED_VARIABLE = YES;
				IPHONEOS_DEPLOYMENT_TARGET = 12.2;
				MTL_ENABLE_DEBUG_INFO = NO;
				MTL_FAST_MATH = YES;
				SDKROOT = iphoneos;
				SWIFT_COMPILATION_MODE = wholemodule;
				SWIFT_OPTIMIZATION_LEVEL = "-O";
				VALIDATE_PRODUCT = YES;
			};
			name = Release;
		};
		4362CA84228F6E9000A70EA1 /* Debug */ = {
			isa = XCBuildConfiguration;
			buildSettings = {
				ASSETCATALOG_COMPILER_APPICON_NAME = AppIcon;
				CODE_SIGN_STYLE = Automatic;
				DEVELOPMENT_TEAM = GAK9975C6W;
				INFOPLIST_FILE = "Nexus Reminder/Info.plist";
				IPHONEOS_DEPLOYMENT_TARGET = 12.1;
				LD_RUNPATH_SEARCH_PATHS = (
					"$(inherited)",
					"@executable_path/Frameworks",
				);
				PRODUCT_BUNDLE_IDENTIFIER = "aldo.Nexus-Reminder";
				PRODUCT_NAME = "$(TARGET_NAME)";
				SWIFT_VERSION = 5.0;
				TARGETED_DEVICE_FAMILY = "1,2";
			};
			name = Debug;
		};
		4362CA85228F6E9000A70EA1 /* Release */ = {
			isa = XCBuildConfiguration;
			buildSettings = {
				ASSETCATALOG_COMPILER_APPICON_NAME = AppIcon;
				CODE_SIGN_STYLE = Automatic;
				DEVELOPMENT_TEAM = GAK9975C6W;
				INFOPLIST_FILE = "Nexus Reminder/Info.plist";
				IPHONEOS_DEPLOYMENT_TARGET = 12.1;
				LD_RUNPATH_SEARCH_PATHS = (
					"$(inherited)",
					"@executable_path/Frameworks",
				);
				PRODUCT_BUNDLE_IDENTIFIER = "aldo.Nexus-Reminder";
				PRODUCT_NAME = "$(TARGET_NAME)";
				SWIFT_VERSION = 5.0;
				TARGETED_DEVICE_FAMILY = "1,2";
			};
			name = Release;
		};
		4362CA87228F6E9000A70EA1 /* Debug */ = {
			isa = XCBuildConfiguration;
			buildSettings = {
				ALWAYS_EMBED_SWIFT_STANDARD_LIBRARIES = YES;
				BUNDLE_LOADER = "$(TEST_HOST)";
				CODE_SIGN_STYLE = Automatic;
				DEVELOPMENT_TEAM = GAK9975C6W;
				INFOPLIST_FILE = "Nexus ReminderTests/Info.plist";
				LD_RUNPATH_SEARCH_PATHS = (
					"$(inherited)",
					"@executable_path/Frameworks",
					"@loader_path/Frameworks",
				);
				PRODUCT_BUNDLE_IDENTIFIER = "aldo.Nexus-ReminderTests";
				PRODUCT_NAME = "$(TARGET_NAME)";
				SWIFT_VERSION = 5.0;
				TARGETED_DEVICE_FAMILY = "1,2";
				TEST_HOST = "$(BUILT_PRODUCTS_DIR)/Nexus Reminder.app/Nexus Reminder";
			};
			name = Debug;
		};
		4362CA88228F6E9000A70EA1 /* Release */ = {
			isa = XCBuildConfiguration;
			buildSettings = {
				ALWAYS_EMBED_SWIFT_STANDARD_LIBRARIES = YES;
				BUNDLE_LOADER = "$(TEST_HOST)";
				CODE_SIGN_STYLE = Automatic;
				DEVELOPMENT_TEAM = GAK9975C6W;
				INFOPLIST_FILE = "Nexus ReminderTests/Info.plist";
				LD_RUNPATH_SEARCH_PATHS = (
					"$(inherited)",
					"@executable_path/Frameworks",
					"@loader_path/Frameworks",
				);
				PRODUCT_BUNDLE_IDENTIFIER = "aldo.Nexus-ReminderTests";
				PRODUCT_NAME = "$(TARGET_NAME)";
				SWIFT_VERSION = 5.0;
				TARGETED_DEVICE_FAMILY = "1,2";
				TEST_HOST = "$(BUILT_PRODUCTS_DIR)/Nexus Reminder.app/Nexus Reminder";
			};
			name = Release;
		};
		4362CA8A228F6E9000A70EA1 /* Debug */ = {
			isa = XCBuildConfiguration;
			buildSettings = {
				ALWAYS_EMBED_SWIFT_STANDARD_LIBRARIES = YES;
				CODE_SIGN_STYLE = Automatic;
				DEVELOPMENT_TEAM = GAK9975C6W;
				INFOPLIST_FILE = "Nexus ReminderUITests/Info.plist";
				LD_RUNPATH_SEARCH_PATHS = (
					"$(inherited)",
					"@executable_path/Frameworks",
					"@loader_path/Frameworks",
				);
				PRODUCT_BUNDLE_IDENTIFIER = "aldo.Nexus-ReminderUITests";
				PRODUCT_NAME = "$(TARGET_NAME)";
				SWIFT_VERSION = 5.0;
				TARGETED_DEVICE_FAMILY = "1,2";
				TEST_TARGET_NAME = "Nexus Reminder";
			};
			name = Debug;
		};
		4362CA8B228F6E9000A70EA1 /* Release */ = {
			isa = XCBuildConfiguration;
			buildSettings = {
				ALWAYS_EMBED_SWIFT_STANDARD_LIBRARIES = YES;
				CODE_SIGN_STYLE = Automatic;
				DEVELOPMENT_TEAM = GAK9975C6W;
				INFOPLIST_FILE = "Nexus ReminderUITests/Info.plist";
				LD_RUNPATH_SEARCH_PATHS = (
					"$(inherited)",
					"@executable_path/Frameworks",
					"@loader_path/Frameworks",
				);
				PRODUCT_BUNDLE_IDENTIFIER = "aldo.Nexus-ReminderUITests";
				PRODUCT_NAME = "$(TARGET_NAME)";
				SWIFT_VERSION = 5.0;
				TARGETED_DEVICE_FAMILY = "1,2";
				TEST_TARGET_NAME = "Nexus Reminder";
			};
			name = Release;
		};
/* End XCBuildConfiguration section */

/* Begin XCConfigurationList section */
		4343142422B5C637001EA4F1 /* Build configuration list for PBXNativeTarget "Desarrollo" */ = {
			isa = XCConfigurationList;
			buildConfigurations = (
				4343142222B5C637001EA4F1 /* Debug */,
				4343142322B5C637001EA4F1 /* Release */,
			);
			defaultConfigurationIsVisible = 0;
			defaultConfigurationName = Release;
		};
		4362CA56228F6E8E00A70EA1 /* Build configuration list for PBXProject "Nexus Reminder" */ = {
			isa = XCConfigurationList;
			buildConfigurations = (
				4362CA81228F6E9000A70EA1 /* Debug */,
				4362CA82228F6E9000A70EA1 /* Release */,
			);
			defaultConfigurationIsVisible = 0;
			defaultConfigurationName = Release;
		};
		4362CA83228F6E9000A70EA1 /* Build configuration list for PBXNativeTarget "Nexus Reminder" */ = {
			isa = XCConfigurationList;
			buildConfigurations = (
				4362CA84228F6E9000A70EA1 /* Debug */,
				4362CA85228F6E9000A70EA1 /* Release */,
			);
			defaultConfigurationIsVisible = 0;
			defaultConfigurationName = Release;
		};
		4362CA86228F6E9000A70EA1 /* Build configuration list for PBXNativeTarget "Nexus ReminderTests" */ = {
			isa = XCConfigurationList;
			buildConfigurations = (
				4362CA87228F6E9000A70EA1 /* Debug */,
				4362CA88228F6E9000A70EA1 /* Release */,
			);
			defaultConfigurationIsVisible = 0;
			defaultConfigurationName = Release;
		};
		4362CA89228F6E9000A70EA1 /* Build configuration list for PBXNativeTarget "Nexus ReminderUITests" */ = {
			isa = XCConfigurationList;
			buildConfigurations = (
				4362CA8A228F6E9000A70EA1 /* Debug */,
				4362CA8B228F6E9000A70EA1 /* Release */,
			);
			defaultConfigurationIsVisible = 0;
			defaultConfigurationName = Release;
		};
/* End XCConfigurationList section */

/* Begin XCVersionGroup section */
		4343141922B5C633001EA4F1 /* Desarrollo.xcdatamodeld */ = {
			isa = XCVersionGroup;
			children = (
				4343141A22B5C633001EA4F1 /* Desarrollo.xcdatamodel */,
			);
			currentVersion = 4343141A22B5C633001EA4F1 /* Desarrollo.xcdatamodel */;
			path = Desarrollo.xcdatamodeld;
			sourceTree = "<group>";
			versionGroupType = wrapper.xcdatamodel;
		};
		4395A4C722A2F3AF00F65239 /* ActividadesModel.xcdatamodeld */ = {
			isa = XCVersionGroup;
			children = (
				4395A4C822A2F3AF00F65239 /* ActividadesModel.xcdatamodel */,
			);
			currentVersion = 4395A4C822A2F3AF00F65239 /* ActividadesModel.xcdatamodel */;
			path = ActividadesModel.xcdatamodeld;
			sourceTree = "<group>";
			versionGroupType = wrapper.xcdatamodel;
		};
/* End XCVersionGroup section */
	};
	rootObject = 4362CA53228F6E8E00A70EA1 /* Project object */;
}
